// !$*UTF8*$!
{
	archiveVersion = 1;
	classes = {
	};
	objectVersion = 46;
	objects = {

/* Begin PBXBuildFile section */
		4E395E88181870FB00971BB3 /* Foundation.framework in Frameworks */ = {isa = PBXBuildFile; fileRef = 4E395E87181870FB00971BB3 /* Foundation.framework */; };
		4E395E8A181870FB00971BB3 /* CoreGraphics.framework in Frameworks */ = {isa = PBXBuildFile; fileRef = 4E395E89181870FB00971BB3 /* CoreGraphics.framework */; };
		4E395E8C181870FB00971BB3 /* UIKit.framework in Frameworks */ = {isa = PBXBuildFile; fileRef = 4E395E8B181870FB00971BB3 /* UIKit.framework */; };
		4E395E92181870FB00971BB3 /* InfoPlist.strings in Resources */ = {isa = PBXBuildFile; fileRef = 4E395E90181870FB00971BB3 /* InfoPlist.strings */; };
		4E395E94181870FB00971BB3 /* main.m in Sources */ = {isa = PBXBuildFile; fileRef = 4E395E93181870FB00971BB3 /* main.m */; };
		4E395E98181870FB00971BB3 /* GGAppDelegate.m in Sources */ = {isa = PBXBuildFile; fileRef = 4E395E97181870FB00971BB3 /* GGAppDelegate.m */; };
		4E395E9B181870FB00971BB3 /* Main.storyboard in Resources */ = {isa = PBXBuildFile; fileRef = 4E395E99181870FB00971BB3 /* Main.storyboard */; };
		4E395E9E181870FB00971BB3 /* GGViewController.m in Sources */ = {isa = PBXBuildFile; fileRef = 4E395E9D181870FB00971BB3 /* GGViewController.m */; };
		4E395EA0181870FB00971BB3 /* Images.xcassets in Resources */ = {isa = PBXBuildFile; fileRef = 4E395E9F181870FB00971BB3 /* Images.xcassets */; };
		4E395EA7181870FB00971BB3 /* XCTest.framework in Frameworks */ = {isa = PBXBuildFile; fileRef = 4E395EA6181870FB00971BB3 /* XCTest.framework */; };
		4E395EA8181870FB00971BB3 /* Foundation.framework in Frameworks */ = {isa = PBXBuildFile; fileRef = 4E395E87181870FB00971BB3 /* Foundation.framework */; };
		4E395EA9181870FB00971BB3 /* UIKit.framework in Frameworks */ = {isa = PBXBuildFile; fileRef = 4E395E8B181870FB00971BB3 /* UIKit.framework */; };
		4E395EB1181870FB00971BB3 /* InfoPlist.strings in Resources */ = {isa = PBXBuildFile; fileRef = 4E395EAF181870FB00971BB3 /* InfoPlist.strings */; };
		4E395EB3181870FB00971BB3 /* ScrollView_Challenge_SolutionTests.m in Sources */ = {isa = PBXBuildFile; fileRef = 4E395EB2181870FB00971BB3 /* ScrollView_Challenge_SolutionTests.m */; };
		4E395EBD181871E400971BB3 /* worldMap.jpeg in Resources */ = {isa = PBXBuildFile; fileRef = 4E395EBC181871E400971BB3 /* worldMap.jpeg */; };
/* End PBXBuildFile section */

/* Begin PBXContainerItemProxy section */
		4E395EAA181870FB00971BB3 /* PBXContainerItemProxy */ = {
			isa = PBXContainerItemProxy;
			containerPortal = 4E395E7C181870FA00971BB3 /* Project object */;
			proxyType = 1;
			remoteGlobalIDString = 4E395E83181870FB00971BB3;
			remoteInfo = "ScrollView Challenge Solution";
		};
/* End PBXContainerItemProxy section */

/* Begin PBXFileReference section */
		4E395E84181870FB00971BB3 /* ScrollView Challenge Solution.app */ = {isa = PBXFileReference; explicitFileType = wrapper.application; includeInIndex = 0; path = "ScrollView Challenge Solution.app"; sourceTree = BUILT_PRODUCTS_DIR; };
		4E395E87181870FB00971BB3 /* Foundation.framework */ = {isa = PBXFileReference; lastKnownFileType = wrapper.framework; name = Foundation.framework; path = System/Library/Frameworks/Foundation.framework; sourceTree = SDKROOT; };
		4E395E89181870FB00971BB3 /* CoreGraphics.framework */ = {isa = PBXFileReference; lastKnownFileType = wrapper.framework; name = CoreGraphics.framework; path = System/Library/Frameworks/CoreGraphics.framework; sourceTree = SDKROOT; };
		4E395E8B181870FB00971BB3 /* UIKit.framework */ = {isa = PBXFileReference; lastKnownFileType = wrapper.framework; name = UIKit.framework; path = System/Library/Frameworks/UIKit.framework; sourceTree = SDKROOT; };
		4E395E8F181870FB00971BB3 /* ScrollView Challenge Solution-Info.plist */ = {isa = PBXFileReference; lastKnownFileType = text.plist.xml; path = "ScrollView Challenge Solution-Info.plist"; sourceTree = "<group>"; };
		4E395E91181870FB00971BB3 /* en */ = {isa = PBXFileReference; lastKnownFileType = text.plist.strings; name = en; path = en.lproj/InfoPlist.strings; sourceTree = "<group>"; };
		4E395E93181870FB00971BB3 /* main.m */ = {isa = PBXFileReference; lastKnownFileType = sourcecode.c.objc; path = main.m; sourceTree = "<group>"; };
		4E395E95181870FB00971BB3 /* ScrollView Challenge Solution-Prefix.pch */ = {isa = PBXFileReference; lastKnownFileType = sourcecode.c.h; path = "ScrollView Challenge Solution-Prefix.pch"; sourceTree = "<group>"; };
		4E395E96181870FB00971BB3 /* GGAppDelegate.h */ = {isa = PBXFileReference; lastKnownFileType = sourcecode.c.h; path = GGAppDelegate.h; sourceTree = "<group>"; };
		4E395E97181870FB00971BB3 /* GGAppDelegate.m */ = {isa = PBXFileReference; lastKnownFileType = sourcecode.c.objc; path = GGAppDelegate.m; sourceTree = "<group>"; };
		4E395E9A181870FB00971BB3 /* Base */ = {isa = PBXFileReference; lastKnownFileType = file.storyboard; name = Base; path = Base.lproj/Main.storyboard; sourceTree = "<group>"; };
		4E395E9C181870FB00971BB3 /* GGViewController.h */ = {isa = PBXFileReference; lastKnownFileType = sourcecode.c.h; path = GGViewController.h; sourceTree = "<group>"; };
		4E395E9D181870FB00971BB3 /* GGViewController.m */ = {isa = PBXFileReference; lastKnownFileType = sourcecode.c.objc; path = GGViewController.m; sourceTree = "<group>"; };
		4E395E9F181870FB00971BB3 /* Images.xcassets */ = {isa = PBXFileReference; lastKnownFileType = folder.assetcatalog; path = Images.xcassets; sourceTree = "<group>"; };
		4E395EA5181870FB00971BB3 /* ScrollView Challenge SolutionTests.xctest */ = {isa = PBXFileReference; explicitFileType = wrapper.cfbundle; includeInIndex = 0; path = "ScrollView Challenge SolutionTests.xctest"; sourceTree = BUILT_PRODUCTS_DIR; };
		4E395EA6181870FB00971BB3 /* XCTest.framework */ = {isa = PBXFileReference; lastKnownFileType = wrapper.framework; name = XCTest.framework; path = Library/Frameworks/XCTest.framework; sourceTree = DEVELOPER_DIR; };
		4E395EAE181870FB00971BB3 /* ScrollView Challenge SolutionTests-Info.plist */ = {isa = PBXFileReference; lastKnownFileType = text.plist.xml; path = "ScrollView Challenge SolutionTests-Info.plist"; sourceTree = "<group>"; };
		4E395EB0181870FB00971BB3 /* en */ = {isa = PBXFileReference; lastKnownFileType = text.plist.strings; name = en; path = en.lproj/InfoPlist.strings; sourceTree = "<group>"; };
		4E395EB2181870FB00971BB3 /* ScrollView_Challenge_SolutionTests.m */ = {isa = PBXFileReference; lastKnownFileType = sourcecode.c.objc; path = ScrollView_Challenge_SolutionTests.m; sourceTree = "<group>"; };
		4E395EBC181871E400971BB3 /* worldMap.jpeg */ = {isa = PBXFileReference; lastKnownFileType = image.jpeg; path = worldMap.jpeg; sourceTree = "<group>"; };
/* End PBXFileReference section */

/* Begin PBXFrameworksBuildPhase section */
		4E395E81181870FB00971BB3 /* Frameworks */ = {
			isa = PBXFrameworksBuildPhase;
			buildActionMask = 2147483647;
			files = (
				4E395E8A181870FB00971BB3 /* CoreGraphics.framework in Frameworks */,
				4E395E8C181870FB00971BB3 /* UIKit.framework in Frameworks */,
				4E395E88181870FB00971BB3 /* Foundation.framework in Frameworks */,
			);
			runOnlyForDeploymentPostprocessing = 0;
		};
		4E395EA2181870FB00971BB3 /* Frameworks */ = {
			isa = PBXFrameworksBuildPhase;
			buildActionMask = 2147483647;
			files = (
				4E395EA7181870FB00971BB3 /* XCTest.framework in Frameworks */,
				4E395EA9181870FB00971BB3 /* UIKit.framework in Frameworks */,
				4E395EA8181870FB00971BB3 /* Foundation.framework in Frameworks */,
			);
			runOnlyForDeploymentPostprocessing = 0;
		};
/* End PBXFrameworksBuildPhase section */

/* Begin PBXGroup section */
		4E395E7B181870FA00971BB3 = {
			isa = PBXGroup;
			children = (
				4E395E8D181870FB00971BB3 /* ScrollView Challenge Solution */,
				4E395EAC181870FB00971BB3 /* ScrollView Challenge SolutionTests */,
				4E395E86181870FB00971BB3 /* Frameworks */,
				4E395E85181870FB00971BB3 /* Products */,
			);
			sourceTree = "<group>";
		};
		4E395E85181870FB00971BB3 /* Products */ = {
			isa = PBXGroup;
			children = (
				4E395E84181870FB00971BB3 /* ScrollView Challenge Solution.app */,
				4E395EA5181870FB00971BB3 /* ScrollView Challenge SolutionTests.xctest */,
			);
			name = Products;
			sourceTree = "<group>";
		};
		4E395E86181870FB00971BB3 /* Frameworks */ = {
			isa = PBXGroup;
			children = (
				4E395E87181870FB00971BB3 /* Foundation.framework */,
				4E395E89181870FB00971BB3 /* CoreGraphics.framework */,
				4E395E8B181870FB00971BB3 /* UIKit.framework */,
				4E395EA6181870FB00971BB3 /* XCTest.framework */,
			);
			name = Frameworks;
			sourceTree = "<group>";
		};
		4E395E8D181870FB00971BB3 /* ScrollView Challenge Solution */ = {
			isa = PBXGroup;
			children = (
				4E395E96181870FB00971BB3 /* GGAppDelegate.h */,
				4E395E97181870FB00971BB3 /* GGAppDelegate.m */,
				4E395E99181870FB00971BB3 /* Main.storyboard */,
				4E395E9C181870FB00971BB3 /* GGViewController.h */,
				4E395E9D181870FB00971BB3 /* GGViewController.m */,
				4E395E9F181870FB00971BB3 /* Images.xcassets */,
				4E395E8E181870FB00971BB3 /* Supporting Files */,
			);
			path = "ScrollView Challenge Solution";
			sourceTree = "<group>";
		};
		4E395E8E181870FB00971BB3 /* Supporting Files */ = {
			isa = PBXGroup;
			children = (
				4E395EBC181871E400971BB3 /* worldMap.jpeg */,
				4E395E8F181870FB00971BB3 /* ScrollView Challenge Solution-Info.plist */,
				4E395E90181870FB00971BB3 /* InfoPlist.strings */,
				4E395E93181870FB00971BB3 /* main.m */,
				4E395E95181870FB00971BB3 /* ScrollView Challenge Solution-Prefix.pch */,
			);
			name = "Supporting Files";
			sourceTree = "<group>";
		};
		4E395EAC181870FB00971BB3 /* ScrollView Challenge SolutionTests */ = {
			isa = PBXGroup;
			children = (
				4E395EB2181870FB00971BB3 /* ScrollView_Challenge_SolutionTests.m */,
				4E395EAD181870FB00971BB3 /* Supporting Files */,
			);
			path = "ScrollView Challenge SolutionTests";
			sourceTree = "<group>";
		};
		4E395EAD181870FB00971BB3 /* Supporting Files */ = {
			isa = PBXGroup;
			children = (
				4E395EAE181870FB00971BB3 /* ScrollView Challenge SolutionTests-Info.plist */,
				4E395EAF181870FB00971BB3 /* InfoPlist.strings */,
			);
			name = "Supporting Files";
			sourceTree = "<group>";
		};
/* End PBXGroup section */

/* Begin PBXNativeTarget section */
		4E395E83181870FB00971BB3 /* ScrollView Challenge Solution */ = {
			isa = PBXNativeTarget;
			buildConfigurationList = 4E395EB6181870FB00971BB3 /* Build configuration list for PBXNativeTarget "ScrollView Challenge Solution" */;
			buildPhases = (
				4E395E80181870FB00971BB3 /* Sources */,
				4E395E81181870FB00971BB3 /* Frameworks */,
				4E395E82181870FB00971BB3 /* Resources */,
			);
			buildRules = (
			);
			dependencies = (
			);
			name = "ScrollView Challenge Solution";
			productName = "ScrollView Challenge Solution";
			productReference = 4E395E84181870FB00971BB3 /* ScrollView Challenge Solution.app */;
			productType = "com.apple.product-type.application";
		};
		4E395EA4181870FB00971BB3 /* ScrollView Challenge SolutionTests */ = {
			isa = PBXNativeTarget;
			buildConfigurationList = 4E395EB9181870FB00971BB3 /* Build configuration list for PBXNativeTarget "ScrollView Challenge SolutionTests" */;
			buildPhases = (
				4E395EA1181870FB00971BB3 /* Sources */,
				4E395EA2181870FB00971BB3 /* Frameworks */,
				4E395EA3181870FB00971BB3 /* Resources */,
			);
			buildRules = (
			);
			dependencies = (
				4E395EAB181870FB00971BB3 /* PBXTargetDependency */,
			);
			name = "ScrollView Challenge SolutionTests";
			productName = "ScrollView Challenge SolutionTests";
			productReference = 4E395EA5181870FB00971BB3 /* ScrollView Challenge SolutionTests.xctest */;
			productType = "com.apple.product-type.bundle.unit-test";
		};
/* End PBXNativeTarget section */

/* Begin PBXProject section */
		4E395E7C181870FA00971BB3 /* Project object */ = {
			isa = PBXProject;
			attributes = {
				CLASSPREFIX = GG;
				LastUpgradeCheck = 0500;
				ORGANIZATIONNAME = me;
				TargetAttributes = {
					4E395EA4181870FB00971BB3 = {
						TestTargetID = 4E395E83181870FB00971BB3;
					};
				};
			};
			buildConfigurationList = 4E395E7F181870FA00971BB3 /* Build configuration list for PBXProject "ScrollView Challenge Solution" */;
			compatibilityVersion = "Xcode 3.2";
			developmentRegion = English;
			hasScannedForEncodings = 0;
			knownRegions = (
				en,
				Base,
			);
			mainGroup = 4E395E7B181870FA00971BB3;
			productRefGroup = 4E395E85181870FB00971BB3 /* Products */;
			projectDirPath = "";
			projectRoot = "";
			targets = (
				4E395E83181870FB00971BB3 /* ScrollView Challenge Solution */,
				4E395EA4181870FB00971BB3 /* ScrollView Challenge SolutionTests */,
			);
		};
/* End PBXProject section */

/* Begin PBXResourcesBuildPhase section */
		4E395E82181870FB00971BB3 /* Resources */ = {
			isa = PBXResourcesBuildPhase;
			buildActionMask = 2147483647;
			files = (
				4E395EA0181870FB00971BB3 /* Images.xcassets in Resources */,
				4E395E92181870FB00971BB3 /* InfoPlist.strings in Resources */,
				4E395E9B181870FB00971BB3 /* Main.storyboard in Resources */,
				4E395EBD181871E400971BB3 /* worldMap.jpeg in Resources */,
			);
			runOnlyForDeploymentPostprocessing = 0;
		};
		4E395EA3181870FB00971BB3 /* Resources */ = {
			isa = PBXResourcesBuildPhase;
			buildActionMask = 2147483647;
			files = (
				4E395EB1181870FB00971BB3 /* InfoPlist.strings in Resources */,
			);
			runOnlyForDeploymentPostprocessing = 0;
		};
/* End PBXResourcesBuildPhase section */

/* Begin PBXSourcesBuildPhase section */
		4E395E80181870FB00971BB3 /* Sources */ = {
			isa = PBXSourcesBuildPhase;
			buildActionMask = 2147483647;
			files = (
				4E395E98181870FB00971BB3 /* GGAppDelegate.m in Sources */,
				4E395E9E181870FB00971BB3 /* GGViewController.m in Sources */,
				4E395E94181870FB00971BB3 /* main.m in Sources */,
			);
			runOnlyForDeploymentPostprocessing = 0;
		};
		4E395EA1181870FB00971BB3 /* Sources */ = {
			isa = PBXSourcesBuildPhase;
			buildActionMask = 2147483647;
			files = (
				4E395EB3181870FB00971BB3 /* ScrollView_Challenge_SolutionTests.m in Sources */,
			);
			runOnlyForDeploymentPostprocessing = 0;
		};
/* End PBXSourcesBuildPhase section */

/* Begin PBXTargetDependency section */
		4E395EAB181870FB00971BB3 /* PBXTargetDependency */ = {
			isa = PBXTargetDependency;
			target = 4E395E83181870FB00971BB3 /* ScrollView Challenge Solution */;
			targetProxy = 4E395EAA181870FB00971BB3 /* PBXContainerItemProxy */;
		};
/* End PBXTargetDependency section */

/* Begin PBXVariantGroup section */
		4E395E90181870FB00971BB3 /* InfoPlist.strings */ = {
			isa = PBXVariantGroup;
			children = (
				4E395E91181870FB00971BB3 /* en */,
			);
			name = InfoPlist.strings;
			sourceTree = "<group>";
		};
		4E395E99181870FB00971BB3 /* Main.storyboard */ = {
			isa = PBXVariantGroup;
			children = (
				4E395E9A181870FB00971BB3 /* Base */,
			);
			name = Main.storyboard;
			sourceTree = "<group>";
		};
		4E395EAF181870FB00971BB3 /* InfoPlist.strings */ = {
			isa = PBXVariantGroup;
			children = (
				4E395EB0181870FB00971BB3 /* en */,
			);
			name = InfoPlist.strings;
			sourceTree = "<group>";
		};
/* End PBXVariantGroup section */

/* Begin XCBuildConfiguration section */
		4E395EB4181870FB00971BB3 /* Debug */ = {
			isa = XCBuildConfiguration;
			buildSettings = {
				ALWAYS_SEARCH_USER_PATHS = NO;
				ARCHS = "$(ARCHS_STANDARD_INCLUDING_64_BIT)";
				CLANG_CXX_LANGUAGE_STANDARD = "gnu++0x";
				CLANG_CXX_LIBRARY = "libc++";
				CLANG_ENABLE_MODULES = YES;
				CLANG_ENABLE_OBJC_ARC = YES;
				CLANG_WARN_BOOL_CONVERSION = YES;
				CLANG_WARN_CONSTANT_CONVERSION = YES;
				CLANG_WARN_DIRECT_OBJC_ISA_USAGE = YES_ERROR;
				CLANG_WARN_EMPTY_BODY = YES;
				CLANG_WARN_ENUM_CONVERSION = YES;
				CLANG_WARN_INT_CONVERSION = YES;
				CLANG_WARN_OBJC_ROOT_CLASS = YES_ERROR;
				CLANG_WARN__DUPLICATE_METHOD_MATCH = YES;
				"CODE_SIGN_IDENTITY[sdk=iphoneos*]" = "iPhone Developer";
				COPY_PHASE_STRIP = NO;
				GCC_C_LANGUAGE_STANDARD = gnu99;
				GCC_DYNAMIC_NO_PIC = NO;
				GCC_OPTIMIZATION_LEVEL = 0;
				GCC_PREPROCESSOR_DEFINITIONS = (
					"DEBUG=1",
					"$(inherited)",
				);
				GCC_SYMBOLS_PRIVATE_EXTERN = NO;
				GCC_WARN_64_TO_32_BIT_CONVERSION = YES;
				GCC_WARN_ABOUT_RETURN_TYPE = YES_ERROR;
				GCC_WARN_UNDECLARED_SELECTOR = YES;
				GCC_WARN_UNINITIALIZED_AUTOS = YES;
				GCC_WARN_UNUSED_FUNCTION = YES;
				GCC_WARN_UNUSED_VARIABLE = YES;
				IPHONEOS_DEPLOYMENT_TARGET = 7.0;
				ONLY_ACTIVE_ARCH = YES;
				SDKROOT = iphoneos;
			};
			name = Debug;
		};
		4E395EB5181870FB00971BB3 /* Release */ = {
			isa = XCBuildConfiguration;
			buildSettings = {
				ALWAYS_SEARCH_USER_PATHS = NO;
				ARCHS = "$(ARCHS_STANDARD_INCLUDING_64_BIT)";
				CLANG_CXX_LANGUAGE_STANDARD = "gnu++0x";
				CLANG_CXX_LIBRARY = "libc++";
				CLANG_ENABLE_MODULES = YES;
				CLANG_ENABLE_OBJC_ARC = YES;
				CLANG_WARN_BOOL_CONVERSION = YES;
				CLANG_WARN_CONSTANT_CONVERSION = YES;
				CLANG_WARN_DIRECT_OBJC_ISA_USAGE = YES_ERROR;
				CLANG_WARN_EMPTY_BODY = YES;
				CLANG_WARN_ENUM_CONVERSION = YES;
				CLANG_WARN_INT_CONVERSION = YES;
				CLANG_WARN_OBJC_ROOT_CLASS = YES_ERROR;
				CLANG_WARN__DUPLICATE_METHOD_MATCH = YES;
				"CODE_SIGN_IDENTITY[sdk=iphoneos*]" = "iPhone Developer";
				COPY_PHASE_STRIP = YES;
				ENABLE_NS_ASSERTIONS = NO;
				GCC_C_LANGUAGE_STANDARD = gnu99;
				GCC_WARN_64_TO_32_BIT_CONVERSION = YES;
				GCC_WARN_ABOUT_RETURN_TYPE = YES_ERROR;
				GCC_WARN_UNDECLARED_SELECTOR = YES;
				GCC_WARN_UNINITIALIZED_AUTOS = YES;
				GCC_WARN_UNUSED_FUNCTION = YES;
				GCC_WARN_UNUSED_VARIABLE = YES;
				IPHONEOS_DEPLOYMENT_TARGET = 7.0;
				SDKROOT = iphoneos;
				VALIDATE_PRODUCT = YES;
			};
			name = Release;
		};
		4E395EB7181870FB00971BB3 /* Debug */ = {
			isa = XCBuildConfiguration;
			buildSettings = {
				ASSETCATALOG_COMPILER_APPICON_NAME = AppIcon;
				ASSETCATALOG_COMPILER_LAUNCHIMAGE_NAME = LaunchImage;
				GCC_PRECOMPILE_PREFIX_HEADER = YES;
				GCC_PREFIX_HEADER = "ScrollView Challenge Solution/ScrollView Challenge Solution-Prefix.pch";
				INFOPLIST_FILE = "ScrollView Challenge Solution/ScrollView Challenge Solution-Info.plist";
				PRODUCT_NAME = "$(TARGET_NAME)";
				WRAPPER_EXTENSION = app;
			};
			name = Debug;
		};
		4E395EB8181870FB00971BB3 /* Release */ = {
			isa = XCBuildConfiguration;
			buildSettings = {
				ASSETCATALOG_COMPILER_APPICON_NAME = AppIcon;
				ASSETCATALOG_COMPILER_LAUNCHIMAGE_NAME = LaunchImage;
				GCC_PRECOMPILE_PREFIX_HEADER = YES;
				GCC_PREFIX_HEADER = "ScrollView Challenge Solution/ScrollView Challenge Solution-Prefix.pch";
				INFOPLIST_FILE = "ScrollView Challenge Solution/ScrollView Challenge Solution-Info.plist";
				PRODUCT_NAME = "$(TARGET_NAME)";
				WRAPPER_EXTENSION = app;
			};
			name = Release;
		};
		4E395EBA181870FB00971BB3 /* Debug */ = {
			isa = XCBuildConfiguration;
			buildSettings = {
				ARCHS = "$(ARCHS_STANDARD_INCLUDING_64_BIT)";
				BUNDLE_LOADER = "$(BUILT_PRODUCTS_DIR)/ScrollView Challenge Solution.app/ScrollView Challenge Solution";
				FRAMEWORK_SEARCH_PATHS = (
					"$(SDKROOT)/Developer/Library/Frameworks",
					"$(inherited)",
					"$(DEVELOPER_FRAMEWORKS_DIR)",
				);
				GCC_PRECOMPILE_PREFIX_HEADER = YES;
				GCC_PREFIX_HEADER = "ScrollView Challenge Solution/ScrollView Challenge Solution-Prefix.pch";
				GCC_PREPROCESSOR_DEFINITIONS = (
					"DEBUG=1",
					"$(inherited)",
				);
				INFOPLIST_FILE = "ScrollView Challenge SolutionTests/ScrollView Challenge SolutionTests-Info.plist";
				PRODUCT_NAME = "$(TARGET_NAME)";
				TEST_HOST = "$(BUNDLE_LOADER)";
				WRAPPER_EXTENSION = xctest;
			};
			name = Debug;
		};
		4E395EBB181870FB00971BB3 /* Release */ = {
			isa = XCBuildConfiguration;
			buildSettings = {
				ARCHS = "$(ARCHS_STANDARD_INCLUDING_64_BIT)";
				BUNDLE_LOADER = "$(BUILT_PRODUCTS_DIR)/ScrollView Challenge Solution.app/ScrollView Challenge Solution";
				FRAMEWORK_SEARCH_PATHS = (
					"$(SDKROOT)/Developer/Library/Frameworks",
					"$(inherited)",
					"$(DEVELOPER_FRAMEWORKS_DIR)",
				);
				GCC_PRECOMPILE_PREFIX_HEADER = YES;
				GCC_PREFIX_HEADER = "ScrollView Challenge Solution/ScrollView Challenge Solution-Prefix.pch";
				INFOPLIST_FILE = "ScrollView Challenge SolutionTests/ScrollView Challenge SolutionTests-Info.plist";
				PRODUCT_NAME = "$(TARGET_NAME)";
				TEST_HOST = "$(BUNDLE_LOADER)";
				WRAPPER_EXTENSION = xctest;
			};
			name = Release;
		};
/* End XCBuildConfiguration section */

/* Begin XCConfigurationList section */
		4E395E7F181870FA00971BB3 /* Build configuration list for PBXProject "ScrollView Challenge Solution" */ = {
			isa = XCConfigurationList;
			buildConfigurations = (
				4E395EB4181870FB00971BB3 /* Debug */,
				4E395EB5181870FB00971BB3 /* Release */,
			);
			defaultConfigurationIsVisible = 0;
			defaultConfigurationName = Release;
		};
		4E395EB6181870FB00971BB3 /* Build configuration list for PBXNativeTarget "ScrollView Challenge Solution" */ = {
			isa = XCConfigurationList;
			buildConfigurations = (
				4E395EB7181870FB00971BB3 /* Debug */,
				4E395EB8181870FB00971BB3 /* Release */,
			);
			defaultConfigurationIsVisible = 0;
		};
		4E395EB9181870FB00971BB3 /* Build configuration list for PBXNativeTarget "ScrollView Challenge SolutionTests" */ = {
			isa = XCConfigurationList;
			buildConfigurations = (
				4E395EBA181870FB00971BB3 /* Debug */,
				4E395EBB181870FB00971BB3 /* Release */,
			);
			defaultConfigurationIsVisible = 0;
		};
/* End XCConfigurationList section */
	};
	rootObject = 4E395E7C181870FA00971BB3 /* Project object */;
}
